
Microsoft Visual Studio Solution File, Format Version 12.00
# Visual Studio Version 16
VisualStudioVersion = 16.0.30611.23
MinimumVisualStudioVersion = 10.0.40219.1
Project("{2150E333-8FDC-42A3-9474-1A3956D46DE8}") = "Domain", "Domain", "{63770F2A-E705-4ACF-A23D-144D37A00C80}"
EndProject
Project("{2150E333-8FDC-42A3-9474-1A3956D46DE8}") = "Infra.IoC", "Infra.IoC", "{CD5554A9-BC68-4DF1-B11B-701471A94FE9}"
EndProject
Project("{2150E333-8FDC-42A3-9474-1A3956D46DE8}") = "Infra.Data", "Infra.Data", "{7C9F017D-E3D9-498E-B347-78195E0E1D42}"
EndProject
Project("{2150E333-8FDC-42A3-9474-1A3956D46DE8}") = "Application", "Application", "{190CC7AF-5C7B-4061-A36C-A5A6916829FC}"
EndProject
Project("{2150E333-8FDC-42A3-9474-1A3956D46DE8}") = "Presentation", "Presentation", "{066B22DD-85C1-4320-A38E-778569A49CE8}"
EndProject
Project("{9A19103F-16F7-4668-BE54-9A1E7A4F7556}") = "CleanArch.Mvc", "CleanArch.Mvc\CleanArch.Mvc.csproj", "{B640826F-8210-4323-88E1-483F6AE79CA9}"
EndProject
Project("{9A19103F-16F7-4668-BE54-9A1E7A4F7556}") = "CleanArch.Domain", "CleanArch.Domain\CleanArch.Domain.csproj", "{1FE8AE01-EC87-4A0E-A97A-4A4F0E708998}"
EndProject
Project("{9A19103F-16F7-4668-BE54-9A1E7A4F7556}") = "CleanArch.Infra.Data", "CleanArch.Infra.Data\CleanArch.Infra.Data.csproj", "{5FE44B64-A919-46F1-8F7B-2856E94B1690}"
EndProject
Project("{FAE04EC0-301F-11D3-BF4B-00C04F79EFBC}") = "CleanArch.Application", "CleanArch.Apllication\CleanArch.Application.csproj", "{F3D2CE32-1C34-439D-A7D3-9F797DE89201}"
EndProject
Project("{FAE04EC0-301F-11D3-BF4B-00C04F79EFBC}") = "CleanArch.Infra.IoC", "CleanArch.Infra.IoC\CleanArch.Infra.IoC.csproj", "{739DCA8D-6F46-4E40-A0C7-CA28B37A16F7}"
EndProject
Global
	GlobalSection(SolutionConfigurationPlatforms) = preSolution
		Debug|Any CPU = Debug|Any CPU
		Release|Any CPU = Release|Any CPU
	EndGlobalSection
	GlobalSection(ProjectConfigurationPlatforms) = postSolution
		{B640826F-8210-4323-88E1-483F6AE79CA9}.Debug|Any CPU.ActiveCfg = Debug|Any CPU
		{B640826F-8210-4323-88E1-483F6AE79CA9}.Debug|Any CPU.Build.0 = Debug|Any CPU
		{B640826F-8210-4323-88E1-483F6AE79CA9}.Release|Any CPU.ActiveCfg = Release|Any CPU
		{B640826F-8210-4323-88E1-483F6AE79CA9}.Release|Any CPU.Build.0 = Release|Any CPU
		{1FE8AE01-EC87-4A0E-A97A-4A4F0E708998}.Debug|Any CPU.ActiveCfg = Debug|Any CPU
		{1FE8AE01-EC87-4A0E-A97A-4A4F0E708998}.Debug|Any CPU.Build.0 = Debug|Any CPU
		{1FE8AE01-EC87-4A0E-A97A-4A4F0E708998}.Release|Any CPU.ActiveCfg = Release|Any CPU
		{1FE8AE01-EC87-4A0E-A97A-4A4F0E708998}.Release|Any CPU.Build.0 = Release|Any CPU
		{5FE44B64-A919-46F1-8F7B-2856E94B1690}.Debug|Any CPU.ActiveCfg = Debug|Any CPU
		{5FE44B64-A919-46F1-8F7B-2856E94B1690}.Debug|Any CPU.Build.0 = Debug|Any CPU
		{5FE44B64-A919-46F1-8F7B-2856E94B1690}.Release|Any CPU.ActiveCfg = Release|Any CPU
		{5FE44B64-A919-46F1-8F7B-2856E94B1690}.Release|Any CPU.Build.0 = Release|Any CPU
		{F3D2CE32-1C34-439D-A7D3-9F797DE89201}.Debug|Any CPU.ActiveCfg = Debug|Any CPU
		{F3D2CE32-1C34-439D-A7D3-9F797DE89201}.Debug|Any CPU.Build.0 = Debug|Any CPU
		{F3D2CE32-1C34-439D-A7D3-9F797DE89201}.Release|Any CPU.ActiveCfg = Release|Any CPU
		{F3D2CE32-1C34-439D-A7D3-9F797DE89201}.Release|Any CPU.Build.0 = Release|Any CPU
		{739DCA8D-6F46-4E40-A0C7-CA28B37A16F7}.Debug|Any CPU.ActiveCfg = Debug|Any CPU
		{739DCA8D-6F46-4E40-A0C7-CA28B37A16F7}.Debug|Any CPU.Build.0 = Debug|Any CPU
		{739DCA8D-6F46-4E40-A0C7-CA28B37A16F7}.Release|Any CPU.ActiveCfg = Release|Any CPU
		{739DCA8D-6F46-4E40-A0C7-CA28B37A16F7}.Release|Any CPU.Build.0 = Release|Any CPU
	EndGlobalSection
	GlobalSection(SolutionProperties) = preSolution
		HideSolutionNode = FALSE
	EndGlobalSection
	GlobalSection(NestedProjects) = preSolution
		{B640826F-8210-4323-88E1-483F6AE79CA9} = {066B22DD-85C1-4320-A38E-778569A49CE8}
		{1FE8AE01-EC87-4A0E-A97A-4A4F0E708998} = {63770F2A-E705-4ACF-A23D-144D37A00C80}
		{5FE44B64-A919-46F1-8F7B-2856E94B1690} = {7C9F017D-E3D9-498E-B347-78195E0E1D42}
		{F3D2CE32-1C34-439D-A7D3-9F797DE89201} = {190CC7AF-5C7B-4061-A36C-A5A6916829FC}
		{739DCA8D-6F46-4E40-A0C7-CA28B37A16F7} = {CD5554A9-BC68-4DF1-B11B-701471A94FE9}
	EndGlobalSection
	GlobalSection(ExtensibilityGlobals) = postSolution
		SolutionGuid = {BC89AA1F-6A3E-45B5-BBA9-C7DB1F8BFB3D}
	EndGlobalSection
EndGlobal
